
Microsoft Visual Studio Solution File, Format Version 12.00
# Visual Studio Version 17
VisualStudioVersion = 17.11.35312.102
MinimumVisualStudioVersion = 10.0.40219.1
Project("{FAE04EC0-301F-11D3-BF4B-00C04F79EFBC}") = "NoLandholdingApp", "NoLandholdingApp\NoLandholdingApp.csproj", "{0E400420-98E1-4676-B5CD-EF0763B5E4B8}"
EndProject
Project("{FAE04EC0-301F-11D3-BF4B-00C04F79EFBC}") = "LoginScreen", "LoginScreen\LoginScreen.csproj", "{BDAD35E3-037D-4182-8859-FA4B471B40BF}"
EndProject
Project("{FAE04EC0-301F-11D3-BF4B-00C04F79EFBC}") = "CommonLibrary", "CommonLibrary\CommonLibrary.csproj", "{9DC5539C-A57D-4EF8-B174-0F618D643F38}"
EndProject
Global
	GlobalSection(SolutionConfigurationPlatforms) = preSolution
		Debug|Any CPU = Debug|Any CPU
		Debug|ARM64 = Debug|ARM64
		Debug|x64 = Debug|x64
		Release|Any CPU = Release|Any CPU
		Release|ARM64 = Release|ARM64
		Release|x64 = Release|x64
	EndGlobalSection
	GlobalSection(ProjectConfigurationPlatforms) = postSolution
		{0E400420-98E1-4676-B5CD-EF0763B5E4B8}.Debug|Any CPU.ActiveCfg = Debug|Any CPU
		{0E400420-98E1-4676-B5CD-EF0763B5E4B8}.Debug|Any CPU.Build.0 = Debug|Any CPU
		{0E400420-98E1-4676-B5CD-EF0763B5E4B8}.Debug|ARM64.ActiveCfg = Debug|Any CPU
		{0E400420-98E1-4676-B5CD-EF0763B5E4B8}.Debug|ARM64.Build.0 = Debug|Any CPU
		{0E400420-98E1-4676-B5CD-EF0763B5E4B8}.Debug|x64.ActiveCfg = Debug|x64
		{0E400420-98E1-4676-B5CD-EF0763B5E4B8}.Debug|x64.Build.0 = Debug|x64
		{0E400420-98E1-4676-B5CD-EF0763B5E4B8}.Release|Any CPU.ActiveCfg = Release|Any CPU
		{0E400420-98E1-4676-B5CD-EF0763B5E4B8}.Release|Any CPU.Build.0 = Release|Any CPU
		{0E400420-98E1-4676-B5CD-EF0763B5E4B8}.Release|ARM64.ActiveCfg = Release|Any CPU
		{0E400420-98E1-4676-B5CD-EF0763B5E4B8}.Release|ARM64.Build.0 = Release|Any CPU
		{0E400420-98E1-4676-B5CD-EF0763B5E4B8}.Release|x64.ActiveCfg = Release|x64
		{0E400420-98E1-4676-B5CD-EF0763B5E4B8}.Release|x64.Build.0 = Release|x64
		{BDAD35E3-037D-4182-8859-FA4B471B40BF}.Debug|Any CPU.ActiveCfg = Debug|Any CPU
		{BDAD35E3-037D-4182-8859-FA4B471B40BF}.Debug|Any CPU.Build.0 = Debug|Any CPU
		{BDAD35E3-037D-4182-8859-FA4B471B40BF}.Debug|ARM64.ActiveCfg = Debug|Any CPU
		{BDAD35E3-037D-4182-8859-FA4B471B40BF}.Debug|ARM64.Build.0 = Debug|Any CPU
		{BDAD35E3-037D-4182-8859-FA4B471B40BF}.Debug|x64.ActiveCfg = Debug|x64
		{BDAD35E3-037D-4182-8859-FA4B471B40BF}.Debug|x64.Build.0 = Debug|x64
		{BDAD35E3-037D-4182-8859-FA4B471B40BF}.Release|Any CPU.ActiveCfg = Release|Any CPU
		{BDAD35E3-037D-4182-8859-FA4B471B40BF}.Release|Any CPU.Build.0 = Release|Any CPU
		{BDAD35E3-037D-4182-8859-FA4B471B40BF}.Release|ARM64.ActiveCfg = Release|Any CPU
		{BDAD35E3-037D-4182-8859-FA4B471B40BF}.Release|ARM64.Build.0 = Release|Any CPU
		{BDAD35E3-037D-4182-8859-FA4B471B40BF}.Release|x64.ActiveCfg = Release|Any CPU
		{BDAD35E3-037D-4182-8859-FA4B471B40BF}.Release|x64.Build.0 = Release|Any CPU
		{9DC5539C-A57D-4EF8-B174-0F618D643F38}.Debug|Any CPU.ActiveCfg = Debug|Any CPU
		{9DC5539C-A57D-4EF8-B174-0F618D643F38}.Debug|Any CPU.Build.0 = Debug|Any CPU
		{9DC5539C-A57D-4EF8-B174-0F618D643F38}.Debug|ARM64.ActiveCfg = Debug|Any CPU
		{9DC5539C-A57D-4EF8-B174-0F618D643F38}.Debug|ARM64.Build.0 = Debug|Any CPU
		{9DC5539C-A57D-4EF8-B174-0F618D643F38}.Debug|x64.ActiveCfg = Debug|x64
		{9DC5539C-A57D-4EF8-B174-0F618D643F38}.Debug|x64.Build.0 = Debug|x64
		{9DC5539C-A57D-4EF8-B174-0F618D643F38}.Release|Any CPU.ActiveCfg = Release|Any CPU
		{9DC5539C-A57D-4EF8-B174-0F618D643F38}.Release|Any CPU.Build.0 = Release|Any CPU
		{9DC5539C-A57D-4EF8-B174-0F618D643F38}.Release|ARM64.ActiveCfg = Release|ARM64
		{9DC5539C-A57D-4EF8-B174-0F618D643F38}.Release|ARM64.Build.0 = Release|ARM64
		{9DC5539C-A57D-4EF8-B174-0F618D643F38}.Release|x64.ActiveCfg = Release|Any CPU
		{9DC5539C-A57D-4EF8-B174-0F618D643F38}.Release|x64.Build.0 = Release|Any CPU
	EndGlobalSection
	GlobalSection(SolutionProperties) = preSolution
		HideSolutionNode = FALSE
	EndGlobalSection
	GlobalSection(ExtensibilityGlobals) = postSolution
		SolutionGuid = {22B1D160-79E5-4932-9C0C-B4C7178E3ADD}
	EndGlobalSection
EndGlobal
