
Microsoft Visual Studio Solution File, Format Version 12.00
# Visual Studio Version 17
VisualStudioVersion = 17.11.35312.102
MinimumVisualStudioVersion = 10.0.40219.1
Project("{FAE04EC0-301F-11D3-BF4B-00C04F79EFBC}") = "NoLandholdingApp", "NoLandholdingApp\NoLandholdingApp.csproj", "{0E400420-98E1-4676-B5CD-EF0763B5E4B8}"
EndProject
Global
	GlobalSection(SolutionConfigurationPlatforms) = preSolution
		Debug|Any CPU = Debug|Any CPU
		Release|Any CPU = Release|Any CPU
	EndGlobalSection
	GlobalSection(ProjectConfigurationPlatforms) = postSolution
		{0E400420-98E1-4676-B5CD-EF0763B5E4B8}.Debug|Any CPU.ActiveCfg = Debug|Any CPU
		{0E400420-98E1-4676-B5CD-EF0763B5E4B8}.Debug|Any CPU.Build.0 = Debug|Any CPU
		{0E400420-98E1-4676-B5CD-EF0763B5E4B8}.Release|Any CPU.ActiveCfg = Release|Any CPU
		{0E400420-98E1-4676-B5CD-EF0763B5E4B8}.Release|Any CPU.Build.0 = Release|Any CPU
	EndGlobalSection
	GlobalSection(SolutionProperties) = preSolution
		HideSolutionNode = FALSE
	EndGlobalSection
	GlobalSection(ExtensibilityGlobals) = postSolution
		SolutionGuid = {22B1D160-79E5-4932-9C0C-B4C7178E3ADD}
	EndGlobalSection
EndGlobal
