
Microsoft Visual Studio Solution File, Format Version 12.00
# Visual Studio Version 17
VisualStudioVersion = 17.11.35312.102
MinimumVisualStudioVersion = 10.0.40219.1
Project("{FAE04EC0-301F-11D3-BF4B-00C04F79EFBC}") = "NoLandholdingApp", "NoLandholdingApp\NoLandholdingApp.csproj", "{0E400420-98E1-4676-B5CD-EF0763B5E4B8}"
EndProject
Project("{FAE04EC0-301F-11D3-BF4B-00C04F79EFBC}") = "LoginScreen", "LoginScreen\LoginScreen.csproj", "{BDAD35E3-037D-4182-8859-FA4B471B40BF}"
EndProject
Project("{FAE04EC0-301F-11D3-BF4B-00C04F79EFBC}") = "CommonLibrary", "CommonLibrary\CommonLibrary.csproj", "{9DC5539C-A57D-4EF8-B174-0F618D643F38}"
EndProject
Project("{2150E333-8FDC-42A3-9474-1A3956D46DE8}") = "Solution Items", "Solution Items", "{8EC462FD-D22E-90A8-E5CE-7E832BA40C5D}"
EndProject
Project("{C7167F0D-BC9F-4E6E-AFE1-012C56B48DB5}") = "AssessorCertification.Package", "AssessorCertification.Package\AssessorCertification.Package.wapproj", "{E4710176-5174-4354-AB4B-3A999191F4AD}"
EndProject
Global
	GlobalSection(SolutionConfigurationPlatforms) = preSolution
		Debug|Any CPU = Debug|Any CPU
		Debug|ARM = Debug|ARM
		Debug|ARM64 = Debug|ARM64
		Debug|x64 = Debug|x64
		Debug|x86 = Debug|x86
		Release|Any CPU = Release|Any CPU
		Release|ARM = Release|ARM
		Release|ARM64 = Release|ARM64
		Release|x64 = Release|x64
		Release|x86 = Release|x86
	EndGlobalSection
	GlobalSection(ProjectConfigurationPlatforms) = postSolution
		{0E400420-98E1-4676-B5CD-EF0763B5E4B8}.Debug|Any CPU.ActiveCfg = Debug|Any CPU
		{0E400420-98E1-4676-B5CD-EF0763B5E4B8}.Debug|Any CPU.Build.0 = Debug|Any CPU
		{0E400420-98E1-4676-B5CD-EF0763B5E4B8}.Debug|ARM.ActiveCfg = Debug|Any CPU
		{0E400420-98E1-4676-B5CD-EF0763B5E4B8}.Debug|ARM.Build.0 = Debug|Any CPU
		{0E400420-98E1-4676-B5CD-EF0763B5E4B8}.Debug|ARM64.ActiveCfg = Debug|Any CPU
		{0E400420-98E1-4676-B5CD-EF0763B5E4B8}.Debug|ARM64.Build.0 = Debug|Any CPU
		{0E400420-98E1-4676-B5CD-EF0763B5E4B8}.Debug|x64.ActiveCfg = Debug|x64
		{0E400420-98E1-4676-B5CD-EF0763B5E4B8}.Debug|x64.Build.0 = Debug|x64
		{0E400420-98E1-4676-B5CD-EF0763B5E4B8}.Debug|x86.ActiveCfg = Debug|Any CPU
		{0E400420-98E1-4676-B5CD-EF0763B5E4B8}.Debug|x86.Build.0 = Debug|Any CPU
		{0E400420-98E1-4676-B5CD-EF0763B5E4B8}.Release|Any CPU.ActiveCfg = Release|Any CPU
		{0E400420-98E1-4676-B5CD-EF0763B5E4B8}.Release|Any CPU.Build.0 = Release|Any CPU
		{0E400420-98E1-4676-B5CD-EF0763B5E4B8}.Release|ARM.ActiveCfg = Release|Any CPU
		{0E400420-98E1-4676-B5CD-EF0763B5E4B8}.Release|ARM.Build.0 = Release|Any CPU
		{0E400420-98E1-4676-B5CD-EF0763B5E4B8}.Release|ARM64.ActiveCfg = Release|Any CPU
		{0E400420-98E1-4676-B5CD-EF0763B5E4B8}.Release|ARM64.Build.0 = Release|Any CPU
		{0E400420-98E1-4676-B5CD-EF0763B5E4B8}.Release|x64.ActiveCfg = Release|x64
		{0E400420-98E1-4676-B5CD-EF0763B5E4B8}.Release|x64.Build.0 = Release|x64
		{0E400420-98E1-4676-B5CD-EF0763B5E4B8}.Release|x86.ActiveCfg = Release|Any CPU
		{0E400420-98E1-4676-B5CD-EF0763B5E4B8}.Release|x86.Build.0 = Release|Any CPU
		{BDAD35E3-037D-4182-8859-FA4B471B40BF}.Debug|Any CPU.ActiveCfg = Debug|Any CPU
		{BDAD35E3-037D-4182-8859-FA4B471B40BF}.Debug|Any CPU.Build.0 = Debug|Any CPU
		{BDAD35E3-037D-4182-8859-FA4B471B40BF}.Debug|ARM.ActiveCfg = Debug|Any CPU
		{BDAD35E3-037D-4182-8859-FA4B471B40BF}.Debug|ARM.Build.0 = Debug|Any CPU
		{BDAD35E3-037D-4182-8859-FA4B471B40BF}.Debug|ARM64.ActiveCfg = Debug|Any CPU
		{BDAD35E3-037D-4182-8859-FA4B471B40BF}.Debug|ARM64.Build.0 = Debug|Any CPU
		{BDAD35E3-037D-4182-8859-FA4B471B40BF}.Debug|x64.ActiveCfg = Debug|x64
		{BDAD35E3-037D-4182-8859-FA4B471B40BF}.Debug|x64.Build.0 = Debug|x64
		{BDAD35E3-037D-4182-8859-FA4B471B40BF}.Debug|x86.ActiveCfg = Debug|Any CPU
		{BDAD35E3-037D-4182-8859-FA4B471B40BF}.Debug|x86.Build.0 = Debug|Any CPU
		{BDAD35E3-037D-4182-8859-FA4B471B40BF}.Release|Any CPU.ActiveCfg = Release|Any CPU
		{BDAD35E3-037D-4182-8859-FA4B471B40BF}.Release|Any CPU.Build.0 = Release|Any CPU
		{BDAD35E3-037D-4182-8859-FA4B471B40BF}.Release|ARM.ActiveCfg = Release|Any CPU
		{BDAD35E3-037D-4182-8859-FA4B471B40BF}.Release|ARM.Build.0 = Release|Any CPU
		{BDAD35E3-037D-4182-8859-FA4B471B40BF}.Release|ARM64.ActiveCfg = Release|Any CPU
		{BDAD35E3-037D-4182-8859-FA4B471B40BF}.Release|ARM64.Build.0 = Release|Any CPU
		{BDAD35E3-037D-4182-8859-FA4B471B40BF}.Release|x64.ActiveCfg = Release|Any CPU
		{BDAD35E3-037D-4182-8859-FA4B471B40BF}.Release|x64.Build.0 = Release|Any CPU
		{BDAD35E3-037D-4182-8859-FA4B471B40BF}.Release|x86.ActiveCfg = Release|Any CPU
		{BDAD35E3-037D-4182-8859-FA4B471B40BF}.Release|x86.Build.0 = Release|Any CPU
		{9DC5539C-A57D-4EF8-B174-0F618D643F38}.Debug|Any CPU.ActiveCfg = Debug|Any CPU
		{9DC5539C-A57D-4EF8-B174-0F618D643F38}.Debug|Any CPU.Build.0 = Debug|Any CPU
		{9DC5539C-A57D-4EF8-B174-0F618D643F38}.Debug|ARM.ActiveCfg = Debug|Any CPU
		{9DC5539C-A57D-4EF8-B174-0F618D643F38}.Debug|ARM.Build.0 = Debug|Any CPU
		{9DC5539C-A57D-4EF8-B174-0F618D643F38}.Debug|ARM64.ActiveCfg = Debug|Any CPU
		{9DC5539C-A57D-4EF8-B174-0F618D643F38}.Debug|ARM64.Build.0 = Debug|Any CPU
		{9DC5539C-A57D-4EF8-B174-0F618D643F38}.Debug|x64.ActiveCfg = Debug|x64
		{9DC5539C-A57D-4EF8-B174-0F618D643F38}.Debug|x64.Build.0 = Debug|x64
		{9DC5539C-A57D-4EF8-B174-0F618D643F38}.Debug|x86.ActiveCfg = Debug|Any CPU
		{9DC5539C-A57D-4EF8-B174-0F618D643F38}.Debug|x86.Build.0 = Debug|Any CPU
		{9DC5539C-A57D-4EF8-B174-0F618D643F38}.Release|Any CPU.ActiveCfg = Release|Any CPU
		{9DC5539C-A57D-4EF8-B174-0F618D643F38}.Release|Any CPU.Build.0 = Release|Any CPU
		{9DC5539C-A57D-4EF8-B174-0F618D643F38}.Release|ARM.ActiveCfg = Release|Any CPU
		{9DC5539C-A57D-4EF8-B174-0F618D643F38}.Release|ARM.Build.0 = Release|Any CPU
		{9DC5539C-A57D-4EF8-B174-0F618D643F38}.Release|ARM64.ActiveCfg = Release|ARM64
		{9DC5539C-A57D-4EF8-B174-0F618D643F38}.Release|ARM64.Build.0 = Release|ARM64
		{9DC5539C-A57D-4EF8-B174-0F618D643F38}.Release|x64.ActiveCfg = Release|Any CPU
		{9DC5539C-A57D-4EF8-B174-0F618D643F38}.Release|x64.Build.0 = Release|Any CPU
		{9DC5539C-A57D-4EF8-B174-0F618D643F38}.Release|x86.ActiveCfg = Release|Any CPU
		{9DC5539C-A57D-4EF8-B174-0F618D643F38}.Release|x86.Build.0 = Release|Any CPU
		{E4710176-5174-4354-AB4B-3A999191F4AD}.Debug|Any CPU.ActiveCfg = Debug|Any CPU
		{E4710176-5174-4354-AB4B-3A999191F4AD}.Debug|Any CPU.Build.0 = Debug|Any CPU
		{E4710176-5174-4354-AB4B-3A999191F4AD}.Debug|Any CPU.Deploy.0 = Debug|Any CPU
		{E4710176-5174-4354-AB4B-3A999191F4AD}.Debug|ARM.ActiveCfg = Debug|ARM
		{E4710176-5174-4354-AB4B-3A999191F4AD}.Debug|ARM.Build.0 = Debug|ARM
		{E4710176-5174-4354-AB4B-3A999191F4AD}.Debug|ARM.Deploy.0 = Debug|ARM
		{E4710176-5174-4354-AB4B-3A999191F4AD}.Debug|ARM64.ActiveCfg = Debug|ARM64
		{E4710176-5174-4354-AB4B-3A999191F4AD}.Debug|ARM64.Build.0 = Debug|ARM64
		{E4710176-5174-4354-AB4B-3A999191F4AD}.Debug|ARM64.Deploy.0 = Debug|ARM64
		{E4710176-5174-4354-AB4B-3A999191F4AD}.Debug|x64.ActiveCfg = Debug|x64
		{E4710176-5174-4354-AB4B-3A999191F4AD}.Debug|x64.Build.0 = Debug|x64
		{E4710176-5174-4354-AB4B-3A999191F4AD}.Debug|x64.Deploy.0 = Debug|x64
		{E4710176-5174-4354-AB4B-3A999191F4AD}.Debug|x86.ActiveCfg = Debug|x86
		{E4710176-5174-4354-AB4B-3A999191F4AD}.Debug|x86.Build.0 = Debug|x86
		{E4710176-5174-4354-AB4B-3A999191F4AD}.Debug|x86.Deploy.0 = Debug|x86
		{E4710176-5174-4354-AB4B-3A999191F4AD}.Release|Any CPU.ActiveCfg = Release|Any CPU
		{E4710176-5174-4354-AB4B-3A999191F4AD}.Release|Any CPU.Build.0 = Release|Any CPU
		{E4710176-5174-4354-AB4B-3A999191F4AD}.Release|Any CPU.Deploy.0 = Release|Any CPU
		{E4710176-5174-4354-AB4B-3A999191F4AD}.Release|ARM.ActiveCfg = Release|ARM
		{E4710176-5174-4354-AB4B-3A999191F4AD}.Release|ARM.Build.0 = Release|ARM
		{E4710176-5174-4354-AB4B-3A999191F4AD}.Release|ARM.Deploy.0 = Release|ARM
		{E4710176-5174-4354-AB4B-3A999191F4AD}.Release|ARM64.ActiveCfg = Release|ARM64
		{E4710176-5174-4354-AB4B-3A999191F4AD}.Release|ARM64.Build.0 = Release|ARM64
		{E4710176-5174-4354-AB4B-3A999191F4AD}.Release|ARM64.Deploy.0 = Release|ARM64
		{E4710176-5174-4354-AB4B-3A999191F4AD}.Release|x64.ActiveCfg = Release|x64
		{E4710176-5174-4354-AB4B-3A999191F4AD}.Release|x64.Build.0 = Release|x64
		{E4710176-5174-4354-AB4B-3A999191F4AD}.Release|x64.Deploy.0 = Release|x64
		{E4710176-5174-4354-AB4B-3A999191F4AD}.Release|x86.ActiveCfg = Release|x86
		{E4710176-5174-4354-AB4B-3A999191F4AD}.Release|x86.Build.0 = Release|x86
		{E4710176-5174-4354-AB4B-3A999191F4AD}.Release|x86.Deploy.0 = Release|x86
	EndGlobalSection
	GlobalSection(SolutionProperties) = preSolution
		HideSolutionNode = FALSE
	EndGlobalSection
	GlobalSection(ExtensibilityGlobals) = postSolution
		SolutionGuid = {22B1D160-79E5-4932-9C0C-B4C7178E3ADD}
	EndGlobalSection
EndGlobal
